
Microsoft Visual Studio Solution File, Format Version 12.00
# Visual Studio Version 17
VisualStudioVersion = 17.4.33213.308
MinimumVisualStudioVersion = 10.0.40219.1
Project("{FAE04EC0-301F-11D3-BF4B-00C04F79EFBC}") = "Task1", "Task1\Task1.csproj", "{AE6CA34C-30AF-412B-AFA1-2E36A8509C42}"
EndProject
Project("{FAE04EC0-301F-11D3-BF4B-00C04F79EFBC}") = "Task2", "Task2\Task2.csproj", "{9B373BA8-9933-4C3B-88E4-577A64E63DE9}"
EndProject
Project("{FAE04EC0-301F-11D3-BF4B-00C04F79EFBC}") = "Task3", "Task3\Task3.csproj", "{848C3A3C-591C-4F60-ADC1-381B35A7BEF3}"
EndProject
Project("{FAE04EC0-301F-11D3-BF4B-00C04F79EFBC}") = "Task4", "Task4\Task4.csproj", "{60C2ABE3-06CA-4F98-B5EB-F220DAAFC516}"
EndProject
Project("{FAE04EC0-301F-11D3-BF4B-00C04F79EFBC}") = "Task5", "Task5\Task5.csproj", "{D300F1A5-BE96-4FEE-9291-A8698D507A17}"
EndProject
Project("{FAE04EC0-301F-11D3-BF4B-00C04F79EFBC}") = "Task6", "Task6\Task6.csproj", "{20F86F63-BE81-45A9-95E5-3FE4A0D53B83}"
EndProject
Project("{FAE04EC0-301F-11D3-BF4B-00C04F79EFBC}") = "Task7", "Task7\Task7.csproj", "{D4BCC2F0-2236-4238-8A06-80D850C77C77}"
EndProject
Project("{FAE04EC0-301F-11D3-BF4B-00C04F79EFBC}") = "Task8", "Task8\Task8.csproj", "{19002050-FBD4-4BB1-B32B-11A46748E4E4}"
EndProject
Project("{FAE04EC0-301F-11D3-BF4B-00C04F79EFBC}") = "Task9", "Task9\Task9.csproj", "{E69B12CE-3CA9-401C-A41D-2EA87A16D54D}"
EndProject
Project("{FAE04EC0-301F-11D3-BF4B-00C04F79EFBC}") = "Task10", "Task10\Task10.csproj", "{3C8502EB-F42D-4543-BCAA-40A635ED7C03}"
EndProject
Global
	GlobalSection(SolutionConfigurationPlatforms) = preSolution
		Debug|Any CPU = Debug|Any CPU
		Release|Any CPU = Release|Any CPU
	EndGlobalSection
	GlobalSection(ProjectConfigurationPlatforms) = postSolution
		{AE6CA34C-30AF-412B-AFA1-2E36A8509C42}.Debug|Any CPU.ActiveCfg = Debug|Any CPU
		{AE6CA34C-30AF-412B-AFA1-2E36A8509C42}.Debug|Any CPU.Build.0 = Debug|Any CPU
		{AE6CA34C-30AF-412B-AFA1-2E36A8509C42}.Release|Any CPU.ActiveCfg = Release|Any CPU
		{AE6CA34C-30AF-412B-AFA1-2E36A8509C42}.Release|Any CPU.Build.0 = Release|Any CPU
		{9B373BA8-9933-4C3B-88E4-577A64E63DE9}.Debug|Any CPU.ActiveCfg = Debug|Any CPU
		{9B373BA8-9933-4C3B-88E4-577A64E63DE9}.Debug|Any CPU.Build.0 = Debug|Any CPU
		{9B373BA8-9933-4C3B-88E4-577A64E63DE9}.Release|Any CPU.ActiveCfg = Release|Any CPU
		{9B373BA8-9933-4C3B-88E4-577A64E63DE9}.Release|Any CPU.Build.0 = Release|Any CPU
		{848C3A3C-591C-4F60-ADC1-381B35A7BEF3}.Debug|Any CPU.ActiveCfg = Debug|Any CPU
		{848C3A3C-591C-4F60-ADC1-381B35A7BEF3}.Debug|Any CPU.Build.0 = Debug|Any CPU
		{848C3A3C-591C-4F60-ADC1-381B35A7BEF3}.Release|Any CPU.ActiveCfg = Release|Any CPU
		{848C3A3C-591C-4F60-ADC1-381B35A7BEF3}.Release|Any CPU.Build.0 = Release|Any CPU
		{60C2ABE3-06CA-4F98-B5EB-F220DAAFC516}.Debug|Any CPU.ActiveCfg = Debug|Any CPU
		{60C2ABE3-06CA-4F98-B5EB-F220DAAFC516}.Debug|Any CPU.Build.0 = Debug|Any CPU
		{60C2ABE3-06CA-4F98-B5EB-F220DAAFC516}.Release|Any CPU.ActiveCfg = Release|Any CPU
		{60C2ABE3-06CA-4F98-B5EB-F220DAAFC516}.Release|Any CPU.Build.0 = Release|Any CPU
		{D300F1A5-BE96-4FEE-9291-A8698D507A17}.Debug|Any CPU.ActiveCfg = Debug|Any CPU
		{D300F1A5-BE96-4FEE-9291-A8698D507A17}.Debug|Any CPU.Build.0 = Debug|Any CPU
		{D300F1A5-BE96-4FEE-9291-A8698D507A17}.Release|Any CPU.ActiveCfg = Release|Any CPU
		{D300F1A5-BE96-4FEE-9291-A8698D507A17}.Release|Any CPU.Build.0 = Release|Any CPU
		{20F86F63-BE81-45A9-95E5-3FE4A0D53B83}.Debug|Any CPU.ActiveCfg = Debug|Any CPU
		{20F86F63-BE81-45A9-95E5-3FE4A0D53B83}.Debug|Any CPU.Build.0 = Debug|Any CPU
		{20F86F63-BE81-45A9-95E5-3FE4A0D53B83}.Release|Any CPU.ActiveCfg = Release|Any CPU
		{20F86F63-BE81-45A9-95E5-3FE4A0D53B83}.Release|Any CPU.Build.0 = Release|Any CPU
		{D4BCC2F0-2236-4238-8A06-80D850C77C77}.Debug|Any CPU.ActiveCfg = Debug|Any CPU
		{D4BCC2F0-2236-4238-8A06-80D850C77C77}.Debug|Any CPU.Build.0 = Debug|Any CPU
		{D4BCC2F0-2236-4238-8A06-80D850C77C77}.Release|Any CPU.ActiveCfg = Release|Any CPU
		{D4BCC2F0-2236-4238-8A06-80D850C77C77}.Release|Any CPU.Build.0 = Release|Any CPU
		{19002050-FBD4-4BB1-B32B-11A46748E4E4}.Debug|Any CPU.ActiveCfg = Debug|Any CPU
		{19002050-FBD4-4BB1-B32B-11A46748E4E4}.Debug|Any CPU.Build.0 = Debug|Any CPU
		{19002050-FBD4-4BB1-B32B-11A46748E4E4}.Release|Any CPU.ActiveCfg = Release|Any CPU
		{19002050-FBD4-4BB1-B32B-11A46748E4E4}.Release|Any CPU.Build.0 = Release|Any CPU
		{E69B12CE-3CA9-401C-A41D-2EA87A16D54D}.Debug|Any CPU.ActiveCfg = Debug|Any CPU
		{E69B12CE-3CA9-401C-A41D-2EA87A16D54D}.Debug|Any CPU.Build.0 = Debug|Any CPU
		{E69B12CE-3CA9-401C-A41D-2EA87A16D54D}.Release|Any CPU.ActiveCfg = Release|Any CPU
		{E69B12CE-3CA9-401C-A41D-2EA87A16D54D}.Release|Any CPU.Build.0 = Release|Any CPU
		{3C8502EB-F42D-4543-BCAA-40A635ED7C03}.Debug|Any CPU.ActiveCfg = Debug|Any CPU
		{3C8502EB-F42D-4543-BCAA-40A635ED7C03}.Debug|Any CPU.Build.0 = Debug|Any CPU
		{3C8502EB-F42D-4543-BCAA-40A635ED7C03}.Release|Any CPU.ActiveCfg = Release|Any CPU
		{3C8502EB-F42D-4543-BCAA-40A635ED7C03}.Release|Any CPU.Build.0 = Release|Any CPU
	EndGlobalSection
	GlobalSection(SolutionProperties) = preSolution
		HideSolutionNode = FALSE
	EndGlobalSection
	GlobalSection(ExtensibilityGlobals) = postSolution
		SolutionGuid = {70B9C8AA-5DB9-4704-AAD7-A06885B5DDA3}
	EndGlobalSection
EndGlobal
